// !$*UTF8*$!
{
	archiveVersion = 1;
	classes = {
	};
	objectVersion = 50;
	objects = {

/* Begin PBXBuildFile section */
		669669918984FA4407FA5F3A /* Pods_Alignment.framework in Frameworks */ = {isa = PBXBuildFile; fileRef = 030860D4E52ABB0C6EEEFCD3 /* Pods_Alignment.framework */; };
		BCBBBAA220A71E7F000967C0 /* AppDelegate.swift in Sources */ = {isa = PBXBuildFile; fileRef = BCBBBAA120A71E7F000967C0 /* AppDelegate.swift */; };
		BCBBBAA420A71E7F000967C0 /* ViewController.swift in Sources */ = {isa = PBXBuildFile; fileRef = BCBBBAA320A71E7F000967C0 /* ViewController.swift */; };
		BCBBBAA720A71E7F000967C0 /* Main.storyboard in Resources */ = {isa = PBXBuildFile; fileRef = BCBBBAA520A71E7F000967C0 /* Main.storyboard */; };
		BCBBBAAA20A71E7F000967C0 /* Alignment.xcdatamodeld in Sources */ = {isa = PBXBuildFile; fileRef = BCBBBAA820A71E7F000967C0 /* Alignment.xcdatamodeld */; };
		BCBBBAAC20A71E81000967C0 /* Assets.xcassets in Resources */ = {isa = PBXBuildFile; fileRef = BCBBBAAB20A71E81000967C0 /* Assets.xcassets */; };
		BCBBBAAF20A71E81000967C0 /* LaunchScreen.storyboard in Resources */ = {isa = PBXBuildFile; fileRef = BCBBBAAD20A71E81000967C0 /* LaunchScreen.storyboard */; };
/* End PBXBuildFile section */

/* Begin PBXFileReference section */
		030860D4E52ABB0C6EEEFCD3 /* Pods_Alignment.framework */ = {isa = PBXFileReference; explicitFileType = wrapper.framework; includeInIndex = 0; path = Pods_Alignment.framework; sourceTree = BUILT_PRODUCTS_DIR; };
		6CE26217FB26833BEC77BA29 /* Pods-Alignment.debug.xcconfig */ = {isa = PBXFileReference; includeInIndex = 1; lastKnownFileType = text.xcconfig; name = "Pods-Alignment.debug.xcconfig"; path = "Pods/Target Support Files/Pods-Alignment/Pods-Alignment.debug.xcconfig"; sourceTree = "<group>"; };
		BCBBBA9E20A71E7F000967C0 /* Alignment.app */ = {isa = PBXFileReference; explicitFileType = wrapper.application; includeInIndex = 0; path = Alignment.app; sourceTree = BUILT_PRODUCTS_DIR; };
		BCBBBAA120A71E7F000967C0 /* AppDelegate.swift */ = {isa = PBXFileReference; lastKnownFileType = sourcecode.swift; path = AppDelegate.swift; sourceTree = "<group>"; };
		BCBBBAA320A71E7F000967C0 /* ViewController.swift */ = {isa = PBXFileReference; lastKnownFileType = sourcecode.swift; path = ViewController.swift; sourceTree = "<group>"; };
		BCBBBAA620A71E7F000967C0 /* Base */ = {isa = PBXFileReference; lastKnownFileType = file.storyboard; name = Base; path = Base.lproj/Main.storyboard; sourceTree = "<group>"; };
		BCBBBAA920A71E7F000967C0 /* Alignment.xcdatamodel */ = {isa = PBXFileReference; lastKnownFileType = wrapper.xcdatamodel; path = Alignment.xcdatamodel; sourceTree = "<group>"; };
		BCBBBAAB20A71E81000967C0 /* Assets.xcassets */ = {isa = PBXFileReference; lastKnownFileType = folder.assetcatalog; path = Assets.xcassets; sourceTree = "<group>"; };
		BCBBBAAE20A71E81000967C0 /* Base */ = {isa = PBXFileReference; lastKnownFileType = file.storyboard; name = Base; path = Base.lproj/LaunchScreen.storyboard; sourceTree = "<group>"; };
		BCBBBAB020A71E81000967C0 /* Info.plist */ = {isa = PBXFileReference; lastKnownFileType = text.plist.xml; path = Info.plist; sourceTree = "<group>"; };
		E5E0FBE3F9A189737B84C160 /* Pods-Alignment.release.xcconfig */ = {isa = PBXFileReference; includeInIndex = 1; lastKnownFileType = text.xcconfig; name = "Pods-Alignment.release.xcconfig"; path = "Pods/Target Support Files/Pods-Alignment/Pods-Alignment.release.xcconfig"; sourceTree = "<group>"; };
/* End PBXFileReference section */

/* Begin PBXFrameworksBuildPhase section */
		BCBBBA9B20A71E7F000967C0 /* Frameworks */ = {
			isa = PBXFrameworksBuildPhase;
			buildActionMask = 2147483647;
			files = (
				669669918984FA4407FA5F3A /* Pods_Alignment.framework in Frameworks */,
			);
			runOnlyForDeploymentPostprocessing = 0;
		};
/* End PBXFrameworksBuildPhase section */

/* Begin PBXGroup section */
		1AC9B010BAB81CDAD78DBB57 /* Frameworks */ = {
			isa = PBXGroup;
			children = (
				030860D4E52ABB0C6EEEFCD3 /* Pods_Alignment.framework */,
			);
			name = Frameworks;
			sourceTree = "<group>";
		};
		6D9FE2B329BAB3DCB2B2EA77 /* Pods */ = {
			isa = PBXGroup;
			children = (
				6CE26217FB26833BEC77BA29 /* Pods-Alignment.debug.xcconfig */,
				E5E0FBE3F9A189737B84C160 /* Pods-Alignment.release.xcconfig */,
			);
			name = Pods;
			sourceTree = "<group>";
		};
		BCBBBA9520A71E7F000967C0 = {
			isa = PBXGroup;
			children = (
				BCBBBAA020A71E7F000967C0 /* Alignment */,
				BCBBBA9F20A71E7F000967C0 /* Products */,
				6D9FE2B329BAB3DCB2B2EA77 /* Pods */,
				1AC9B010BAB81CDAD78DBB57 /* Frameworks */,
			);
			sourceTree = "<group>";
		};
		BCBBBA9F20A71E7F000967C0 /* Products */ = {
			isa = PBXGroup;
			children = (
				BCBBBA9E20A71E7F000967C0 /* Alignment.app */,
			);
			name = Products;
			sourceTree = "<group>";
		};
		BCBBBAA020A71E7F000967C0 /* Alignment */ = {
			isa = PBXGroup;
			children = (
				BCBBBAA120A71E7F000967C0 /* AppDelegate.swift */,
				BCBBBAA320A71E7F000967C0 /* ViewController.swift */,
				BCBBBAA520A71E7F000967C0 /* Main.storyboard */,
				BCBBBAAB20A71E81000967C0 /* Assets.xcassets */,
				BCBBBAAD20A71E81000967C0 /* LaunchScreen.storyboard */,
				BCBBBAB020A71E81000967C0 /* Info.plist */,
				BCBBBAA820A71E7F000967C0 /* Alignment.xcdatamodeld */,
			);
			path = Alignment;
			sourceTree = "<group>";
		};
/* End PBXGroup section */

/* Begin PBXNativeTarget section */
		BCBBBA9D20A71E7F000967C0 /* Alignment */ = {
			isa = PBXNativeTarget;
			buildConfigurationList = BCBBBAB320A71E81000967C0 /* Build configuration list for PBXNativeTarget "Alignment" */;
			buildPhases = (
				09D0220336D5C3374487D8D5 /* [CP] Check Pods Manifest.lock */,
				BCBBBA9A20A71E7F000967C0 /* Sources */,
				BCBBBA9B20A71E7F000967C0 /* Frameworks */,
				BCBBBA9C20A71E7F000967C0 /* Resources */,
				3353AFD2414E46445DD053AF /* [CP] Embed Pods Frameworks */,
			);
			buildRules = (
			);
			dependencies = (
			);
			name = Alignment;
			productName = Alignment;
			productReference = BCBBBA9E20A71E7F000967C0 /* Alignment.app */;
			productType = "com.apple.product-type.application";
		};
/* End PBXNativeTarget section */

/* Begin PBXProject section */
		BCBBBA9620A71E7F000967C0 /* Project object */ = {
			isa = PBXProject;
			attributes = {
				LastSwiftUpdateCheck = 0930;
				LastUpgradeCheck = 0930;
				ORGANIZATIONNAME = "Enes Gürisik";
				TargetAttributes = {
					BCBBBA9D20A71E7F000967C0 = {
						CreatedOnToolsVersion = 9.3;
					};
				};
			};
			buildConfigurationList = BCBBBA9920A71E7F000967C0 /* Build configuration list for PBXProject "Alignment" */;
			compatibilityVersion = "Xcode 9.3";
			developmentRegion = en;
			hasScannedForEncodings = 0;
			knownRegions = (
				en,
				Base,
			);
			mainGroup = BCBBBA9520A71E7F000967C0;
			productRefGroup = BCBBBA9F20A71E7F000967C0 /* Products */;
			projectDirPath = "";
			projectRoot = "";
			targets = (
				BCBBBA9D20A71E7F000967C0 /* Alignment */,
			);
		};
/* End PBXProject section */

/* Begin PBXResourcesBuildPhase section */
		BCBBBA9C20A71E7F000967C0 /* Resources */ = {
			isa = PBXResourcesBuildPhase;
			buildActionMask = 2147483647;
			files = (
				BCBBBAAF20A71E81000967C0 /* LaunchScreen.storyboard in Resources */,
				BCBBBAAC20A71E81000967C0 /* Assets.xcassets in Resources */,
				BCBBBAA720A71E7F000967C0 /* Main.storyboard in Resources */,
			);
			runOnlyForDeploymentPostprocessing = 0;
		};
/* End PBXResourcesBuildPhase section */

/* Begin PBXShellScriptBuildPhase section */
		09D0220336D5C3374487D8D5 /* [CP] Check Pods Manifest.lock */ = {
			isa = PBXShellScriptBuildPhase;
			buildActionMask = 2147483647;
			files = (
			);
			inputPaths = (
				"${PODS_PODFILE_DIR_PATH}/Podfile.lock",
				"${PODS_ROOT}/Manifest.lock",
			);
			name = "[CP] Check Pods Manifest.lock";
			outputPaths = (
				"$(DERIVED_FILE_DIR)/Pods-Alignment-checkManifestLockResult.txt",
			);
			runOnlyForDeploymentPostprocessing = 0;
			shellPath = /bin/sh;
			shellScript = "diff \"${PODS_PODFILE_DIR_PATH}/Podfile.lock\" \"${PODS_ROOT}/Manifest.lock\" > /dev/null\nif [ $? != 0 ] ; then\n    # print error to STDERR\n    echo \"error: The sandbox is not in sync with the Podfile.lock. Run 'pod install' or update your CocoaPods installation.\" >&2\n    exit 1\nfi\n# This output is used by Xcode 'outputs' to avoid re-running this script phase.\necho \"SUCCESS\" > \"${SCRIPT_OUTPUT_FILE_0}\"\n";
			showEnvVarsInLog = 0;
		};
		3353AFD2414E46445DD053AF /* [CP] Embed Pods Frameworks */ = {
			isa = PBXShellScriptBuildPhase;
			buildActionMask = 2147483647;
			files = (
			);
			inputPaths = (
				"${SRCROOT}/Pods/Target Support Files/Pods-Alignment/Pods-Alignment-frameworks.sh",
				"${BUILT_PRODUCTS_DIR}/TweenKit/TweenKit.framework",
			);
			name = "[CP] Embed Pods Frameworks";
			outputPaths = (
				"${TARGET_BUILD_DIR}/${FRAMEWORKS_FOLDER_PATH}/TweenKit.framework",
			);
			runOnlyForDeploymentPostprocessing = 0;
			shellPath = /bin/sh;
			shellScript = "\"${SRCROOT}/Pods/Target Support Files/Pods-Alignment/Pods-Alignment-frameworks.sh\"\n";
			showEnvVarsInLog = 0;
		};
/* End PBXShellScriptBuildPhase section */

/* Begin PBXSourcesBuildPhase section */
		BCBBBA9A20A71E7F000967C0 /* Sources */ = {
			isa = PBXSourcesBuildPhase;
			buildActionMask = 2147483647;
			files = (
				BCBBBAA420A71E7F000967C0 /* ViewController.swift in Sources */,
				BCBBBAAA20A71E7F000967C0 /* Alignment.xcdatamodeld in Sources */,
				BCBBBAA220A71E7F000967C0 /* AppDelegate.swift in Sources */,
			);
			runOnlyForDeploymentPostprocessing = 0;
		};
/* End PBXSourcesBuildPhase section */

/* Begin PBXVariantGroup section */
		BCBBBAA520A71E7F000967C0 /* Main.storyboard */ = {
			isa = PBXVariantGroup;
			children = (
				BCBBBAA620A71E7F000967C0 /* Base */,
			);
			name = Main.storyboard;
			sourceTree = "<group>";
		};
		BCBBBAAD20A71E81000967C0 /* LaunchScreen.storyboard */ = {
			isa = PBXVariantGroup;
			children = (
				BCBBBAAE20A71E81000967C0 /* Base */,
			);
			name = LaunchScreen.storyboard;
			sourceTree = "<group>";
		};
/* End PBXVariantGroup section */

/* Begin XCBuildConfiguration section */
		BCBBBAB120A71E81000967C0 /* Debug */ = {
			isa = XCBuildConfiguration;
			buildSettings = {
				ALWAYS_SEARCH_USER_PATHS = NO;
				CLANG_ANALYZER_NONNULL = YES;
				CLANG_ANALYZER_NUMBER_OBJECT_CONVERSION = YES_AGGRESSIVE;
				CLANG_CXX_LANGUAGE_STANDARD = "gnu++14";
				CLANG_CXX_LIBRARY = "libc++";
				CLANG_ENABLE_MODULES = YES;
				CLANG_ENABLE_OBJC_ARC = YES;
				CLANG_ENABLE_OBJC_WEAK = YES;
				CLANG_WARN_BLOCK_CAPTURE_AUTORELEASING = YES;
				CLANG_WARN_BOOL_CONVERSION = YES;
				CLANG_WARN_COMMA = YES;
				CLANG_WARN_CONSTANT_CONVERSION = YES;
				CLANG_WARN_DEPRECATED_OBJC_IMPLEMENTATIONS = YES;
				CLANG_WARN_DIRECT_OBJC_ISA_USAGE = YES_ERROR;
				CLANG_WARN_DOCUMENTATION_COMMENTS = YES;
				CLANG_WARN_EMPTY_BODY = YES;
				CLANG_WARN_ENUM_CONVERSION = YES;
				CLANG_WARN_INFINITE_RECURSION = YES;
				CLANG_WARN_INT_CONVERSION = YES;
				CLANG_WARN_NON_LITERAL_NULL_CONVERSION = YES;
				CLANG_WARN_OBJC_IMPLICIT_RETAIN_SELF = YES;
				CLANG_WARN_OBJC_LITERAL_CONVERSION = YES;
				CLANG_WARN_OBJC_ROOT_CLASS = YES_ERROR;
				CLANG_WARN_RANGE_LOOP_ANALYSIS = YES;
				CLANG_WARN_STRICT_PROTOTYPES = YES;
				CLANG_WARN_SUSPICIOUS_MOVE = YES;
				CLANG_WARN_UNGUARDED_AVAILABILITY = YES_AGGRESSIVE;
				CLANG_WARN_UNREACHABLE_CODE = YES;
				CLANG_WARN__DUPLICATE_METHOD_MATCH = YES;
				CODE_SIGN_IDENTITY = "iPhone Developer";
				COPY_PHASE_STRIP = NO;
				DEBUG_INFORMATION_FORMAT = dwarf;
				ENABLE_STRICT_OBJC_MSGSEND = YES;
				ENABLE_TESTABILITY = YES;
				GCC_C_LANGUAGE_STANDARD = gnu11;
				GCC_DYNAMIC_NO_PIC = NO;
				GCC_NO_COMMON_BLOCKS = YES;
				GCC_OPTIMIZATION_LEVEL = 0;
				GCC_PREPROCESSOR_DEFINITIONS = (
					"DEBUG=1",
					"$(inherited)",
				);
				GCC_WARN_64_TO_32_BIT_CONVERSION = YES;
				GCC_WARN_ABOUT_RETURN_TYPE = YES_ERROR;
				GCC_WARN_UNDECLARED_SELECTOR = YES;
				GCC_WARN_UNINITIALIZED_AUTOS = YES_AGGRESSIVE;
				GCC_WARN_UNUSED_FUNCTION = YES;
				GCC_WARN_UNUSED_VARIABLE = YES;
				IPHONEOS_DEPLOYMENT_TARGET = 11.3;
				MTL_ENABLE_DEBUG_INFO = YES;
				ONLY_ACTIVE_ARCH = YES;
				SDKROOT = iphoneos;
				SWIFT_ACTIVE_COMPILATION_CONDITIONS = DEBUG;
				SWIFT_OPTIMIZATION_LEVEL = "-Onone";
			};
			name = Debug;
		};
		BCBBBAB220A71E81000967C0 /* Release */ = {
			isa = XCBuildConfiguration;
			buildSettings = {
				ALWAYS_SEARCH_USER_PATHS = NO;
				CLANG_ANALYZER_NONNULL = YES;
				CLANG_ANALYZER_NUMBER_OBJECT_CONVERSION = YES_AGGRESSIVE;
				CLANG_CXX_LANGUAGE_STANDARD = "gnu++14";
				CLANG_CXX_LIBRARY = "libc++";
				CLANG_ENABLE_MODULES = YES;
				CLANG_ENABLE_OBJC_ARC = YES;
				CLANG_ENABLE_OBJC_WEAK = YES;
				CLANG_WARN_BLOCK_CAPTURE_AUTORELEASING = YES;
				CLANG_WARN_BOOL_CONVERSION = YES;
				CLANG_WARN_COMMA = YES;
				CLANG_WARN_CONSTANT_CONVERSION = YES;
				CLANG_WARN_DEPRECATED_OBJC_IMPLEMENTATIONS = YES;
				CLANG_WARN_DIRECT_OBJC_ISA_USAGE = YES_ERROR;
				CLANG_WARN_DOCUMENTATION_COMMENTS = YES;
				CLANG_WARN_EMPTY_BODY = YES;
				CLANG_WARN_ENUM_CONVERSION = YES;
				CLANG_WARN_INFINITE_RECURSION = YES;
				CLANG_WARN_INT_CONVERSION = YES;
				CLANG_WARN_NON_LITERAL_NULL_CONVERSION = YES;
				CLANG_WARN_OBJC_IMPLICIT_RETAIN_SELF = YES;
				CLANG_WARN_OBJC_LITERAL_CONVERSION = YES;
				CLANG_WARN_OBJC_ROOT_CLASS = YES_ERROR;
				CLANG_WARN_RANGE_LOOP_ANALYSIS = YES;
				CLANG_WARN_STRICT_PROTOTYPES = YES;
				CLANG_WARN_SUSPICIOUS_MOVE = YES;
				CLANG_WARN_UNGUARDED_AVAILABILITY = YES_AGGRESSIVE;
				CLANG_WARN_UNREACHABLE_CODE = YES;
				CLANG_WARN__DUPLICATE_METHOD_MATCH = YES;
				CODE_SIGN_IDENTITY = "iPhone Developer";
				COPY_PHASE_STRIP = NO;
				DEBUG_INFORMATION_FORMAT = "dwarf-with-dsym";
				ENABLE_NS_ASSERTIONS = NO;
				ENABLE_STRICT_OBJC_MSGSEND = YES;
				GCC_C_LANGUAGE_STANDARD = gnu11;
				GCC_NO_COMMON_BLOCKS = YES;
				GCC_WARN_64_TO_32_BIT_CONVERSION = YES;
				GCC_WARN_ABOUT_RETURN_TYPE = YES_ERROR;
				GCC_WARN_UNDECLARED_SELECTOR = YES;
				GCC_WARN_UNINITIALIZED_AUTOS = YES_AGGRESSIVE;
				GCC_WARN_UNUSED_FUNCTION = YES;
				GCC_WARN_UNUSED_VARIABLE = YES;
				IPHONEOS_DEPLOYMENT_TARGET = 11.3;
				MTL_ENABLE_DEBUG_INFO = NO;
				SDKROOT = iphoneos;
				SWIFT_COMPILATION_MODE = wholemodule;
				SWIFT_OPTIMIZATION_LEVEL = "-O";
				VALIDATE_PRODUCT = YES;
			};
			name = Release;
		};
		BCBBBAB420A71E81000967C0 /* Debug */ = {
			isa = XCBuildConfiguration;
			baseConfigurationReference = 6CE26217FB26833BEC77BA29 /* Pods-Alignment.debug.xcconfig */;
			buildSettings = {
				ASSETCATALOG_COMPILER_APPICON_NAME = AppIcon;
				CODE_SIGN_STYLE = Automatic;
				DEVELOPMENT_TEAM = 749AYZZZ2K;
				INFOPLIST_FILE = Alignment/Info.plist;
				LD_RUNPATH_SEARCH_PATHS = "$(inherited) @executable_path/Frameworks";
				PRODUCT_BUNDLE_IDENTIFIER = com.enes.guerisik.Alignment;
				PRODUCT_NAME = "$(TARGET_NAME)";
				SWIFT_VERSION = 4.0;
				TARGETED_DEVICE_FAMILY = "1,2";
			};
			name = Debug;
		};
		BCBBBAB520A71E81000967C0 /* Release */ = {
			isa = XCBuildConfiguration;
			baseConfigurationReference = E5E0FBE3F9A189737B84C160 /* Pods-Alignment.release.xcconfig */;
			buildSettings = {
				ASSETCATALOG_COMPILER_APPICON_NAME = AppIcon;
				CODE_SIGN_STYLE = Automatic;
				DEVELOPMENT_TEAM = 749AYZZZ2K;
				INFOPLIST_FILE = Alignment/Info.plist;
				LD_RUNPATH_SEARCH_PATHS = "$(inherited) @executable_path/Frameworks";
				PRODUCT_BUNDLE_IDENTIFIER = com.enes.guerisik.Alignment;
				PRODUCT_NAME = "$(TARGET_NAME)";
				SWIFT_VERSION = 4.0;
				TARGETED_DEVICE_FAMILY = "1,2";
			};
			name = Release;
		};
/* End XCBuildConfiguration section */

/* Begin XCConfigurationList section */
		BCBBBA9920A71E7F000967C0 /* Build configuration list for PBXProject "Alignment" */ = {
			isa = XCConfigurationList;
			buildConfigurations = (
				BCBBBAB120A71E81000967C0 /* Debug */,
				BCBBBAB220A71E81000967C0 /* Release */,
			);
			defaultConfigurationIsVisible = 0;
			defaultConfigurationName = Release;
		};
		BCBBBAB320A71E81000967C0 /* Build configuration list for PBXNativeTarget "Alignment" */ = {
			isa = XCConfigurationList;
			buildConfigurations = (
				BCBBBAB420A71E81000967C0 /* Debug */,
				BCBBBAB520A71E81000967C0 /* Release */,
			);
			defaultConfigurationIsVisible = 0;
			defaultConfigurationName = Release;
		};
/* End XCConfigurationList section */

/* Begin XCVersionGroup section */
		BCBBBAA820A71E7F000967C0 /* Alignment.xcdatamodeld */ = {
			isa = XCVersionGroup;
			children = (
				BCBBBAA920A71E7F000967C0 /* Alignment.xcdatamodel */,
			);
			currentVersion = BCBBBAA920A71E7F000967C0 /* Alignment.xcdatamodel */;
			path = Alignment.xcdatamodeld;
			sourceTree = "<group>";
			versionGroupType = wrapper.xcdatamodel;
		};
/* End XCVersionGroup section */
	};
	rootObject = BCBBBA9620A71E7F000967C0 /* Project object */;
}
